
Microsoft Visual Studio Solution File, Format Version 12.00
# Visual Studio Version 16
VisualStudioVersion = 16.0.30907.101
MinimumVisualStudioVersion = 10.0.40219.1
Project("{9A19103F-16F7-4668-BE54-9A1E7A4F7556}") = "Constructors", "Constructors\Constructors.csproj", "{5751F936-95B4-40A0-8AA7-8B66F66DA4DF}"
EndProject
Project("{FAE04EC0-301F-11D3-BF4B-00C04F79EFBC}") = "Generics", "Generics\Generics.csproj", "{7041CF4C-1CDF-451C-AB0F-BB07259BDA9C}"
EndProject
Global
	GlobalSection(SolutionConfigurationPlatforms) = preSolution
		Debug|Any CPU = Debug|Any CPU
		Release|Any CPU = Release|Any CPU
	EndGlobalSection
	GlobalSection(ProjectConfigurationPlatforms) = postSolution
		{5751F936-95B4-40A0-8AA7-8B66F66DA4DF}.Debug|Any CPU.ActiveCfg = Debug|Any CPU
		{5751F936-95B4-40A0-8AA7-8B66F66DA4DF}.Debug|Any CPU.Build.0 = Debug|Any CPU
		{5751F936-95B4-40A0-8AA7-8B66F66DA4DF}.Release|Any CPU.ActiveCfg = Release|Any CPU
		{5751F936-95B4-40A0-8AA7-8B66F66DA4DF}.Release|Any CPU.Build.0 = Release|Any CPU
		{7041CF4C-1CDF-451C-AB0F-BB07259BDA9C}.Debug|Any CPU.ActiveCfg = Debug|Any CPU
		{7041CF4C-1CDF-451C-AB0F-BB07259BDA9C}.Debug|Any CPU.Build.0 = Debug|Any CPU
		{7041CF4C-1CDF-451C-AB0F-BB07259BDA9C}.Release|Any CPU.ActiveCfg = Release|Any CPU
		{7041CF4C-1CDF-451C-AB0F-BB07259BDA9C}.Release|Any CPU.Build.0 = Release|Any CPU
	EndGlobalSection
	GlobalSection(SolutionProperties) = preSolution
		HideSolutionNode = FALSE
	EndGlobalSection
	GlobalSection(ExtensibilityGlobals) = postSolution
		SolutionGuid = {6620A66F-9A91-4CA8-A6A5-3E4C54AEB424}
	EndGlobalSection
EndGlobal
